{
  "name": "189",
  "version": "0.0.1",
  "lockfileVersion": 1,
  "requires": true,
  "dependencies": {
    "axios": {
      "version": "0.18.0",
      "resolved": "http://registry.npm.taobao.org/axios/download/axios-0.18.0.tgz",
      "dependencies": {
        "follow-redirects": {
          "version": "http://registry.npm.taobao.org/follow-redirects/download/follow-redirects-1.6.1.tgz",
          "bundled": true
        },
        "is-buffer": {
          "version": "http://registry.npm.taobao.org/is-buffer/download/is-buffer-1.1.6.tgz",
          "bundled": true
        }
      }
    },
    "cheerio": {
      "version": "1.0.0-rc.2",
      "resolved": "http://registry.npm.taobao.org/cheerio/download/cheerio-1.0.0-rc.2.tgz",
      "dependencies": {
        "css-select": {
          "version": "http://registry.npm.taobao.org/css-select/download/css-select-1.2.0.tgz",
          "bundled": true
        },
        "dom-serializer": {
          "version": "http://registry.npm.taobao.org/dom-serializer/download/dom-serializer-0.1.0.tgz",
          "bundled": true,
          "dependencies": {
            "domelementtype": {
              "version": "http://registry.npm.taobao.org/domelementtype/download/domelementtype-1.1.3.tgz",
              "bundled": true
            },
            "entities": {
              "version": "http://registry.npm.taobao.org/entities/download/entities-1.1.2.tgz",
              "bundled": true
            }
          }
        },
        "entities": {
          "version": "http://registry.npm.taobao.org/entities/download/entities-1.1.2.tgz",
          "bundled": true
        },
        "htmlparser2": {
          "version": "http://registry.npm.taobao.org/htmlparser2/download/htmlparser2-3.10.0.tgz",
          "bundled": true
        },
        "lodash": {
          "version": "http://registry.npm.taobao.org/lodash/download/lodash-4.17.11.tgz",
          "bundled": true
        },
        "parse5": {
          "version": "http://registry.npm.taobao.org/parse5/download/parse5-3.0.3.tgz",
          "bundled": true
        }
      }
    },
    "tesseract.js": {
      "version": "1.0.14",
      "resolved": "http://registry.npm.taobao.org/tesseract.js/download/tesseract.js-1.0.14.tgz",
      "dependencies": {
        "file-type": {
          "version": "http://registry.npm.taobao.org/file-type/download/file-type-3.9.0.tgz",
          "bundled": true
        },
        "is-url": {
          "version": "http://registry.npm.taobao.org/is-url/download/is-url-1.2.2.tgz",
          "bundled": true
        },
        "isomorphic-fetch": {
          "version": "http://registry.npm.taobao.org/isomorphic-fetch/download/isomorphic-fetch-2.2.1.tgz",
          "bundled": true
        },
        "jpeg-js": {
          "version": "http://registry.npm.taobao.org/jpeg-js/download/jpeg-js-0.2.0.tgz",
          "bundled": true
        },
        "level-js": {
          "version": "http://registry.npm.taobao.org/level-js/download/level-js-2.2.4.tgz",
          "bundled": true,
          "dependencies": {
            "abstract-leveldown": {
              "version": "http://registry.npm.taobao.org/abstract-leveldown/download/abstract-leveldown-0.12.4.tgz",
              "bundled": true
            },
            "idb-wrapper": {
              "version": "http://registry.npm.taobao.org/idb-wrapper/download/idb-wrapper-1.7.2.tgz",
              "bundled": true
            },
            "isbuffer": {
              "version": "http://registry.npm.taobao.org/isbuffer/download/isbuffer-0.0.0.tgz",
              "bundled": true
            },
            "ltgt": {
              "version": "http://registry.npm.taobao.org/ltgt/download/ltgt-2.2.1.tgz",
              "bundled": true
            },
            "typedarray-to-buffer": {
              "version": "http://registry.npm.taobao.org/typedarray-to-buffer/download/typedarray-to-buffer-1.0.4.tgz",
              "bundled": true
            },
            "xtend": {
              "version": "http://registry.npm.taobao.org/xtend/download/xtend-2.1.2.tgz",
              "bundled": true,
              "dependencies": {
                "object-keys": {
                  "version": "http://registry.npm.taobao.org/object-keys/download/object-keys-0.4.0.tgz"
                }
              }
            }
          }
        },
        "node-fetch": {
          "version": "http://registry.npm.taobao.org/node-fetch/download/node-fetch-1.7.3.tgz",
          "bundled": true,
          "dependencies": {
            "encoding": {
              "version": "http://registry.npm.taobao.org/encoding/download/encoding-0.1.12.tgz",
              "bundled": true
            },
            "is-stream": {
              "version": "http://registry.npm.taobao.org/is-stream/download/is-stream-1.1.0.tgz",
              "bundled": true
            }
          }
        },
        "object-assign": {
          "version": "http://registry.npm.taobao.org/object-assign/download/object-assign-4.1.1.tgz",
          "bundled": true
        },
        "png.js": {
          "version": "http://registry.npm.taobao.org/png.js/download/png.js-0.2.1.tgz",
          "bundled": true
        },
        "tesseract.js-core": {
          "version": "http://registry.npm.taobao.org/tesseract.js-core/download/tesseract.js-core-1.0.2.tgz",
          "bundled": true
        }
      }
    }
  }
}
